
Microsoft Visual Studio Solution File, Format Version 12.00
# Visual Studio Version 16
VisualStudioVersion = 16.0.29613.14
MinimumVisualStudioVersion = 10.0.40219.1
Project("{FAE04EC0-301F-11D3-BF4B-00C04F79EFBC}") = "tomcMatijaInicijalniIspitZadatak5", "tomcMatijaInicijalniIspitZadatak5\tomcMatijaInicijalniIspitZadatak5.csproj", "{50D1E9AD-4A65-43C6-AF33-B7D03B08B03D}"
EndProject
Global
	GlobalSection(SolutionConfigurationPlatforms) = preSolution
		Debug|Any CPU = Debug|Any CPU
		Release|Any CPU = Release|Any CPU
	EndGlobalSection
	GlobalSection(ProjectConfigurationPlatforms) = postSolution
		{50D1E9AD-4A65-43C6-AF33-B7D03B08B03D}.Debug|Any CPU.ActiveCfg = Debug|Any CPU
		{50D1E9AD-4A65-43C6-AF33-B7D03B08B03D}.Debug|Any CPU.Build.0 = Debug|Any CPU
		{50D1E9AD-4A65-43C6-AF33-B7D03B08B03D}.Release|Any CPU.ActiveCfg = Release|Any CPU
		{50D1E9AD-4A65-43C6-AF33-B7D03B08B03D}.Release|Any CPU.Build.0 = Release|Any CPU
	EndGlobalSection
	GlobalSection(SolutionProperties) = preSolution
		HideSolutionNode = FALSE
	EndGlobalSection
	GlobalSection(ExtensibilityGlobals) = postSolution
		SolutionGuid = {114B4CC6-BA29-41D6-A132-A4ED8A3DF621}
	EndGlobalSection
EndGlobal
