
Microsoft Visual Studio Solution File, Format Version 12.00
# Visual Studio Version 16
VisualStudioVersion = 16.0.29613.14
MinimumVisualStudioVersion = 10.0.40219.1
Project("{FAE04EC0-301F-11D3-BF4B-00C04F79EFBC}") = "tomcMatijaInicijalniIspitZadatak7", "tomcMatijaInicijalniIspitZadatak7\tomcMatijaInicijalniIspitZadatak7.csproj", "{9BFBB2D4-276C-4543-B416-8EF7ECB03EBE}"
EndProject
Global
	GlobalSection(SolutionConfigurationPlatforms) = preSolution
		Debug|Any CPU = Debug|Any CPU
		Release|Any CPU = Release|Any CPU
	EndGlobalSection
	GlobalSection(ProjectConfigurationPlatforms) = postSolution
		{9BFBB2D4-276C-4543-B416-8EF7ECB03EBE}.Debug|Any CPU.ActiveCfg = Debug|Any CPU
		{9BFBB2D4-276C-4543-B416-8EF7ECB03EBE}.Debug|Any CPU.Build.0 = Debug|Any CPU
		{9BFBB2D4-276C-4543-B416-8EF7ECB03EBE}.Release|Any CPU.ActiveCfg = Release|Any CPU
		{9BFBB2D4-276C-4543-B416-8EF7ECB03EBE}.Release|Any CPU.Build.0 = Release|Any CPU
	EndGlobalSection
	GlobalSection(SolutionProperties) = preSolution
		HideSolutionNode = FALSE
	EndGlobalSection
	GlobalSection(ExtensibilityGlobals) = postSolution
		SolutionGuid = {03087187-3FFE-4FA3-9EED-C422FFEDBDB4}
	EndGlobalSection
EndGlobal
